
Microsoft Visual Studio Solution File, Format Version 12.00
# Visual Studio 15
VisualStudioVersion = 15.0.28307.329
MinimumVisualStudioVersion = 10.0.40219.1
Project("{FAE04EC0-301F-11D3-BF4B-00C04F79EFBC}") = "Imp.OscDotNet", "src\Imp.OscDotNet\Imp.OscDotNet.csproj", "{EAD3D09D-9302-4F47-BBCA-D50FEAEFD1A9}"
EndProject
Project("{FAE04EC0-301F-11D3-BF4B-00C04F79EFBC}") = "Imp.OscDotNet.Test", "test\Imp.OscDotNet.Test\Imp.OscDotNet.Test.csproj", "{D6C47D1D-F268-4FDC-9861-907C1BF976CD}"
EndProject
Global
	GlobalSection(SolutionConfigurationPlatforms) = preSolution
		Debug|Any CPU = Debug|Any CPU
		Release|Any CPU = Release|Any CPU
	EndGlobalSection
	GlobalSection(ProjectConfigurationPlatforms) = postSolution
		{EAD3D09D-9302-4F47-BBCA-D50FEAEFD1A9}.Debug|Any CPU.ActiveCfg = Debug|Any CPU
		{EAD3D09D-9302-4F47-BBCA-D50FEAEFD1A9}.Debug|Any CPU.Build.0 = Debug|Any CPU
		{EAD3D09D-9302-4F47-BBCA-D50FEAEFD1A9}.Release|Any CPU.ActiveCfg = Release|Any CPU
		{EAD3D09D-9302-4F47-BBCA-D50FEAEFD1A9}.Release|Any CPU.Build.0 = Release|Any CPU
		{D6C47D1D-F268-4FDC-9861-907C1BF976CD}.Debug|Any CPU.ActiveCfg = Debug|Any CPU
		{D6C47D1D-F268-4FDC-9861-907C1BF976CD}.Debug|Any CPU.Build.0 = Debug|Any CPU
		{D6C47D1D-F268-4FDC-9861-907C1BF976CD}.Release|Any CPU.ActiveCfg = Release|Any CPU
		{D6C47D1D-F268-4FDC-9861-907C1BF976CD}.Release|Any CPU.Build.0 = Release|Any CPU
	EndGlobalSection
	GlobalSection(SolutionProperties) = preSolution
		HideSolutionNode = FALSE
	EndGlobalSection
	GlobalSection(ExtensibilityGlobals) = postSolution
		SolutionGuid = {92E7D6AE-4FBE-4573-913E-976125DDFA7E}
	EndGlobalSection
EndGlobal
